
Microsoft Visual Studio Solution File, Format Version 12.00
# Visual Studio Version 17
VisualStudioVersion = 17.5.002.0
MinimumVisualStudioVersion = 10.0.40219.1
Project("{9A19103F-16F7-4668-BE54-9A1E7A4F7556}") = "RegistroPrioridadesRJRL", "RegistroPrioridadesRJRL.csproj", "{E93710CE-77D1-4D0C-9018-BD99885AD1EE}"
EndProject
Global
	GlobalSection(SolutionConfigurationPlatforms) = preSolution
		Debug|Any CPU = Debug|Any CPU
		Release|Any CPU = Release|Any CPU
	EndGlobalSection
	GlobalSection(ProjectConfigurationPlatforms) = postSolution
		{E93710CE-77D1-4D0C-9018-BD99885AD1EE}.Debug|Any CPU.ActiveCfg = Debug|Any CPU
		{E93710CE-77D1-4D0C-9018-BD99885AD1EE}.Debug|Any CPU.Build.0 = Debug|Any CPU
		{E93710CE-77D1-4D0C-9018-BD99885AD1EE}.Release|Any CPU.ActiveCfg = Release|Any CPU
		{E93710CE-77D1-4D0C-9018-BD99885AD1EE}.Release|Any CPU.Build.0 = Release|Any CPU
	EndGlobalSection
	GlobalSection(SolutionProperties) = preSolution
		HideSolutionNode = FALSE
	EndGlobalSection
	GlobalSection(ExtensibilityGlobals) = postSolution
		SolutionGuid = {89F6DA4D-893B-4212-A0BC-AFBD7BC7CE86}
	EndGlobalSection
EndGlobal
